dependencies:
  espressif/eigen:
    component_hash: 64a82d75ea6b7cb9240398ce0b6616e905d71b83a734b2cf9cb58ad09dd4f5ea
    dependencies:
    - name: idf
      require: private
      version: '>=4.3.0'
    source:
      registry_url: https://components.espressif.com/
      type: service
    version: 3.4.0~2
  idf:
    source:
      type: idf
    version: 6.0.0
direct_dependencies:
- espressif/eigen
manifest_hash: 05dd7a9d21bf66e3791f575232bdb8249ad680091428ea6e0b2619a7f6562259
target: esp32s3
version: 2.0.0
